// !$*UTF8*$!
{
	archiveVersion = 1;
	classes = {
	};
	objectVersion = 46;
	objects = {

/* Begin PBXBuildFile section */
		0836E8E41EF9B0F30040AE86 /* AppDelegate.swift in Sources */ = {isa = PBXBuildFile; fileRef = 0836E8E31EF9B0F30040AE86 /* AppDelegate.swift */; };
		0836E8E61EF9B0F30040AE86 /* FirstViewController.swift in Sources */ = {isa = PBXBuildFile; fileRef = 0836E8E51EF9B0F30040AE86 /* FirstViewController.swift */; };
		0836E8E81EF9B0F30040AE86 /* SecondViewController.swift in Sources */ = {isa = PBXBuildFile; fileRef = 0836E8E71EF9B0F30040AE86 /* SecondViewController.swift */; };
		0836E8EB1EF9B0F30040AE86 /* Main.storyboard in Resources */ = {isa = PBXBuildFile; fileRef = 0836E8E91EF9B0F30040AE86 /* Main.storyboard */; };
		0836E8ED1EF9B0F30040AE86 /* Assets.xcassets in Resources */ = {isa = PBXBuildFile; fileRef = 0836E8EC1EF9B0F30040AE86 /* Assets.xcassets */; };
		0836E8F01EF9B0F30040AE86 /* LaunchScreen.storyboard in Resources */ = {isa = PBXBuildFile; fileRef = 0836E8EE1EF9B0F30040AE86 /* LaunchScreen.storyboard */; };
		0836E8FB1EF9B0F30040AE86 /* TouristHunterTests.swift in Sources */ = {isa = PBXBuildFile; fileRef = 0836E8FA1EF9B0F30040AE86 /* TouristHunterTests.swift */; };
		0836E9061EF9B0F30040AE86 /* TouristHunterUITests.swift in Sources */ = {isa = PBXBuildFile; fileRef = 0836E9051EF9B0F30040AE86 /* TouristHunterUITests.swift */; };
/* End PBXBuildFile section */

/* Begin PBXContainerItemProxy section */
		0836E8F71EF9B0F30040AE86 /* PBXContainerItemProxy */ = {
			isa = PBXContainerItemProxy;
			containerPortal = 0836E8D81EF9B0F30040AE86 /* Project object */;
			proxyType = 1;
			remoteGlobalIDString = 0836E8DF1EF9B0F30040AE86;
			remoteInfo = TouristHunter;
		};
		0836E9021EF9B0F30040AE86 /* PBXContainerItemProxy */ = {
			isa = PBXContainerItemProxy;
			containerPortal = 0836E8D81EF9B0F30040AE86 /* Project object */;
			proxyType = 1;
			remoteGlobalIDString = 0836E8DF1EF9B0F30040AE86;
			remoteInfo = TouristHunter;
		};
/* End PBXContainerItemProxy section */

/* Begin PBXFileReference section */
		0836E8E01EF9B0F30040AE86 /* TouristHunter.app */ = {isa = PBXFileReference; explicitFileType = wrapper.application; includeInIndex = 0; path = TouristHunter.app; sourceTree = BUILT_PRODUCTS_DIR; };
		0836E8E31EF9B0F30040AE86 /* AppDelegate.swift */ = {isa = PBXFileReference; lastKnownFileType = sourcecode.swift; path = AppDelegate.swift; sourceTree = "<group>"; };
		0836E8E51EF9B0F30040AE86 /* FirstViewController.swift */ = {isa = PBXFileReference; lastKnownFileType = sourcecode.swift; path = FirstViewController.swift; sourceTree = "<group>"; };
		0836E8E71EF9B0F30040AE86 /* SecondViewController.swift */ = {isa = PBXFileReference; lastKnownFileType = sourcecode.swift; path = SecondViewController.swift; sourceTree = "<group>"; };
		0836E8EA1EF9B0F30040AE86 /* Base */ = {isa = PBXFileReference; lastKnownFileType = file.storyboard; name = Base; path = Base.lproj/Main.storyboard; sourceTree = "<group>"; };
		0836E8EC1EF9B0F30040AE86 /* Assets.xcassets */ = {isa = PBXFileReference; lastKnownFileType = folder.assetcatalog; path = Assets.xcassets; sourceTree = "<group>"; };
		0836E8EF1EF9B0F30040AE86 /* Base */ = {isa = PBXFileReference; lastKnownFileType = file.storyboard; name = Base; path = Base.lproj/LaunchScreen.storyboard; sourceTree = "<group>"; };
		0836E8F11EF9B0F30040AE86 /* Info.plist */ = {isa = PBXFileReference; lastKnownFileType = text.plist.xml; path = Info.plist; sourceTree = "<group>"; };
		0836E8F61EF9B0F30040AE86 /* TouristHunterTests.xctest */ = {isa = PBXFileReference; explicitFileType = wrapper.cfbundle; includeInIndex = 0; path = TouristHunterTests.xctest; sourceTree = BUILT_PRODUCTS_DIR; };
		0836E8FA1EF9B0F30040AE86 /* TouristHunterTests.swift */ = {isa = PBXFileReference; lastKnownFileType = sourcecode.swift; path = TouristHunterTests.swift; sourceTree = "<group>"; };
		0836E8FC1EF9B0F30040AE86 /* Info.plist */ = {isa = PBXFileReference; lastKnownFileType = text.plist.xml; path = Info.plist; sourceTree = "<group>"; };
		0836E9011EF9B0F30040AE86 /* TouristHunterUITests.xctest */ = {isa = PBXFileReference; explicitFileType = wrapper.cfbundle; includeInIndex = 0; path = TouristHunterUITests.xctest; sourceTree = BUILT_PRODUCTS_DIR; };
		0836E9051EF9B0F30040AE86 /* TouristHunterUITests.swift */ = {isa = PBXFileReference; lastKnownFileType = sourcecode.swift; path = TouristHunterUITests.swift; sourceTree = "<group>"; };
		0836E9071EF9B0F30040AE86 /* Info.plist */ = {isa = PBXFileReference; lastKnownFileType = text.plist.xml; path = Info.plist; sourceTree = "<group>"; };
/* End PBXFileReference section */

/* Begin PBXFrameworksBuildPhase section */
		0836E8DD1EF9B0F30040AE86 /* Frameworks */ = {
			isa = PBXFrameworksBuildPhase;
			buildActionMask = 2147483647;
			files = (
			);
			runOnlyForDeploymentPostprocessing = 0;
		};
		0836E8F31EF9B0F30040AE86 /* Frameworks */ = {
			isa = PBXFrameworksBuildPhase;
			buildActionMask = 2147483647;
			files = (
			);
			runOnlyForDeploymentPostprocessing = 0;
		};
		0836E8FE1EF9B0F30040AE86 /* Frameworks */ = {
			isa = PBXFrameworksBuildPhase;
			buildActionMask = 2147483647;
			files = (
			);
			runOnlyForDeploymentPostprocessing = 0;
		};
/* End PBXFrameworksBuildPhase section */

/* Begin PBXGroup section */
		0836E8D71EF9B0F30040AE86 = {
			isa = PBXGroup;
			children = (
				0836E8E21EF9B0F30040AE86 /* TouristHunter */,
				0836E8F91EF9B0F30040AE86 /* TouristHunterTests */,
				0836E9041EF9B0F30040AE86 /* TouristHunterUITests */,
				0836E8E11EF9B0F30040AE86 /* Products */,
			);
			sourceTree = "<group>";
		};
		0836E8E11EF9B0F30040AE86 /* Products */ = {
			isa = PBXGroup;
			children = (
				0836E8E01EF9B0F30040AE86 /* TouristHunter.app */,
				0836E8F61EF9B0F30040AE86 /* TouristHunterTests.xctest */,
				0836E9011EF9B0F30040AE86 /* TouristHunterUITests.xctest */,
			);
			name = Products;
			sourceTree = "<group>";
		};
		0836E8E21EF9B0F30040AE86 /* TouristHunter */ = {
			isa = PBXGroup;
			children = (
				0836E8E31EF9B0F30040AE86 /* AppDelegate.swift */,
				0836E8E51EF9B0F30040AE86 /* FirstViewController.swift */,
				0836E8E71EF9B0F30040AE86 /* SecondViewController.swift */,
				0836E8E91EF9B0F30040AE86 /* Main.storyboard */,
				0836E8EC1EF9B0F30040AE86 /* Assets.xcassets */,
				0836E8EE1EF9B0F30040AE86 /* LaunchScreen.storyboard */,
				0836E8F11EF9B0F30040AE86 /* Info.plist */,
			);
			path = TouristHunter;
			sourceTree = "<group>";
		};
		0836E8F91EF9B0F30040AE86 /* TouristHunterTests */ = {
			isa = PBXGroup;
			children = (
				0836E8FA1EF9B0F30040AE86 /* TouristHunterTests.swift */,
				0836E8FC1EF9B0F30040AE86 /* Info.plist */,
			);
			path = TouristHunterTests;
			sourceTree = "<group>";
		};
		0836E9041EF9B0F30040AE86 /* TouristHunterUITests */ = {
			isa = PBXGroup;
			children = (
				0836E9051EF9B0F30040AE86 /* TouristHunterUITests.swift */,
				0836E9071EF9B0F30040AE86 /* Info.plist */,
			);
			path = TouristHunterUITests;
			sourceTree = "<group>";
		};
/* End PBXGroup section */

/* Begin PBXNativeTarget section */
		0836E8DF1EF9B0F30040AE86 /* TouristHunter */ = {
			isa = PBXNativeTarget;
			buildConfigurationList = 0836E90A1EF9B0F30040AE86 /* Build configuration list for PBXNativeTarget "TouristHunter" */;
			buildPhases = (
				0836E8DC1EF9B0F30040AE86 /* Sources */,
				0836E8DD1EF9B0F30040AE86 /* Frameworks */,
				0836E8DE1EF9B0F30040AE86 /* Resources */,
			);
			buildRules = (
			);
			dependencies = (
			);
			name = TouristHunter;
			productName = TouristHunter;
			productReference = 0836E8E01EF9B0F30040AE86 /* TouristHunter.app */;
			productType = "com.apple.product-type.application";
		};
		0836E8F51EF9B0F30040AE86 /* TouristHunterTests */ = {
			isa = PBXNativeTarget;
			buildConfigurationList = 0836E90D1EF9B0F30040AE86 /* Build configuration list for PBXNativeTarget "TouristHunterTests" */;
			buildPhases = (
				0836E8F21EF9B0F30040AE86 /* Sources */,
				0836E8F31EF9B0F30040AE86 /* Frameworks */,
				0836E8F41EF9B0F30040AE86 /* Resources */,
			);
			buildRules = (
			);
			dependencies = (
				0836E8F81EF9B0F30040AE86 /* PBXTargetDependency */,
			);
			name = TouristHunterTests;
			productName = TouristHunterTests;
			productReference = 0836E8F61EF9B0F30040AE86 /* TouristHunterTests.xctest */;
			productType = "com.apple.product-type.bundle.unit-test";
		};
		0836E9001EF9B0F30040AE86 /* TouristHunterUITests */ = {
			isa = PBXNativeTarget;
			buildConfigurationList = 0836E9101EF9B0F30040AE86 /* Build configuration list for PBXNativeTarget "TouristHunterUITests" */;
			buildPhases = (
				0836E8FD1EF9B0F30040AE86 /* Sources */,
				0836E8FE1EF9B0F30040AE86 /* Frameworks */,
				0836E8FF1EF9B0F30040AE86 /* Resources */,
			);
			buildRules = (
			);
			dependencies = (
				0836E9031EF9B0F30040AE86 /* PBXTargetDependency */,
			);
			name = TouristHunterUITests;
			productName = TouristHunterUITests;
			productReference = 0836E9011EF9B0F30040AE86 /* TouristHunterUITests.xctest */;
			productType = "com.apple.product-type.bundle.ui-testing";
		};
/* End PBXNativeTarget section */

/* Begin PBXProject section */
		0836E8D81EF9B0F30040AE86 /* Project object */ = {
			isa = PBXProject;
			attributes = {
				LastSwiftUpdateCheck = 0830;
				LastUpgradeCheck = 0830;
				ORGANIZATIONNAME = "S James Parsons Jr";
				TargetAttributes = {
					0836E8DF1EF9B0F30040AE86 = {
						CreatedOnToolsVersion = 8.3.2;
						ProvisioningStyle = Automatic;
					};
					0836E8F51EF9B0F30040AE86 = {
						CreatedOnToolsVersion = 8.3.2;
						ProvisioningStyle = Automatic;
						TestTargetID = 0836E8DF1EF9B0F30040AE86;
					};
					0836E9001EF9B0F30040AE86 = {
						CreatedOnToolsVersion = 8.3.2;
						ProvisioningStyle = Automatic;
						TestTargetID = 0836E8DF1EF9B0F30040AE86;
					};
				};
			};
			buildConfigurationList = 0836E8DB1EF9B0F30040AE86 /* Build configuration list for PBXProject "TouristHunter" */;
			compatibilityVersion = "Xcode 3.2";
			developmentRegion = English;
			hasScannedForEncodings = 0;
			knownRegions = (
				en,
				Base,
			);
			mainGroup = 0836E8D71EF9B0F30040AE86;
			productRefGroup = 0836E8E11EF9B0F30040AE86 /* Products */;
			projectDirPath = "";
			projectRoot = "";
			targets = (
				0836E8DF1EF9B0F30040AE86 /* TouristHunter */,
				0836E8F51EF9B0F30040AE86 /* TouristHunterTests */,
				0836E9001EF9B0F30040AE86 /* TouristHunterUITests */,
			);
		};
/* End PBXProject section */

/* Begin PBXResourcesBuildPhase section */
		0836E8DE1EF9B0F30040AE86 /* Resources */ = {
			isa = PBXResourcesBuildPhase;
			buildActionMask = 2147483647;
			files = (
				0836E8F01EF9B0F30040AE86 /* LaunchScreen.storyboard in Resources */,
				0836E8ED1EF9B0F30040AE86 /* Assets.xcassets in Resources */,
				0836E8EB1EF9B0F30040AE86 /* Main.storyboard in Resources */,
			);
			runOnlyForDeploymentPostprocessing = 0;
		};
		0836E8F41EF9B0F30040AE86 /* Resources */ = {
			isa = PBXResourcesBuildPhase;
			buildActionMask = 2147483647;
			files = (
			);
			runOnlyForDeploymentPostprocessing = 0;
		};
		0836E8FF1EF9B0F30040AE86 /* Resources */ = {
			isa = PBXResourcesBuildPhase;
			buildActionMask = 2147483647;
			files = (
			);
			runOnlyForDeploymentPostprocessing = 0;
		};
/* End PBXResourcesBuildPhase section */

/* Begin PBXSourcesBuildPhase section */
		0836E8DC1EF9B0F30040AE86 /* Sources */ = {
			isa = PBXSourcesBuildPhase;
			buildActionMask = 2147483647;
			files = (
				0836E8E81EF9B0F30040AE86 /* SecondViewController.swift in Sources */,
				0836E8E41EF9B0F30040AE86 /* AppDelegate.swift in Sources */,
				0836E8E61EF9B0F30040AE86 /* FirstViewController.swift in Sources */,
			);
			runOnlyForDeploymentPostprocessing = 0;
		};
		0836E8F21EF9B0F30040AE86 /* Sources */ = {
			isa = PBXSourcesBuildPhase;
			buildActionMask = 2147483647;
			files = (
				0836E8FB1EF9B0F30040AE86 /* TouristHunterTests.swift in Sources */,
			);
			runOnlyForDeploymentPostprocessing = 0;
		};
		0836E8FD1EF9B0F30040AE86 /* Sources */ = {
			isa = PBXSourcesBuildPhase;
			buildActionMask = 2147483647;
			files = (
				0836E9061EF9B0F30040AE86 /* TouristHunterUITests.swift in Sources */,
			);
			runOnlyForDeploymentPostprocessing = 0;
		};
/* End PBXSourcesBuildPhase section */

/* Begin PBXTargetDependency section */
		0836E8F81EF9B0F30040AE86 /* PBXTargetDependency */ = {
			isa = PBXTargetDependency;
			target = 0836E8DF1EF9B0F30040AE86 /* TouristHunter */;
			targetProxy = 0836E8F71EF9B0F30040AE86 /* PBXContainerItemProxy */;
		};
		0836E9031EF9B0F30040AE86 /* PBXTargetDependency */ = {
			isa = PBXTargetDependency;
			target = 0836E8DF1EF9B0F30040AE86 /* TouristHunter */;
			targetProxy = 0836E9021EF9B0F30040AE86 /* PBXContainerItemProxy */;
		};
/* End PBXTargetDependency section */

/* Begin PBXVariantGroup section */
		0836E8E91EF9B0F30040AE86 /* Main.storyboard */ = {
			isa = PBXVariantGroup;
			children = (
				0836E8EA1EF9B0F30040AE86 /* Base */,
			);
			name = Main.storyboard;
			sourceTree = "<group>";
		};
		0836E8EE1EF9B0F30040AE86 /* LaunchScreen.storyboard */ = {
			isa = PBXVariantGroup;
			children = (
				0836E8EF1EF9B0F30040AE86 /* Base */,
			);
			name = LaunchScreen.storyboard;
			sourceTree = "<group>";
		};
/* End PBXVariantGroup section */

/* Begin XCBuildConfiguration section */
		0836E9081EF9B0F30040AE86 /* Debug */ = {
			isa = XCBuildConfiguration;
			buildSettings = {
				ALWAYS_SEARCH_USER_PATHS = NO;
				CLANG_ANALYZER_NONNULL = YES;
				CLANG_ANALYZER_NUMBER_OBJECT_CONVERSION = YES_AGGRESSIVE;
				CLANG_CXX_LANGUAGE_STANDARD = "gnu++0x";
				CLANG_CXX_LIBRARY = "libc++";
				CLANG_ENABLE_MODULES = YES;
				CLANG_ENABLE_OBJC_ARC = YES;
				CLANG_WARN_BOOL_CONVERSION = YES;
				CLANG_WARN_CONSTANT_CONVERSION = YES;
				CLANG_WARN_DIRECT_OBJC_ISA_USAGE = YES_ERROR;
				CLANG_WARN_DOCUMENTATION_COMMENTS = YES;
				CLANG_WARN_EMPTY_BODY = YES;
				CLANG_WARN_ENUM_CONVERSION = YES;
				CLANG_WARN_INFINITE_RECURSION = YES;
				CLANG_WARN_INT_CONVERSION = YES;
				CLANG_WARN_OBJC_ROOT_CLASS = YES_ERROR;
				CLANG_WARN_SUSPICIOUS_MOVE = YES;
				CLANG_WARN_UNREACHABLE_CODE = YES;
				CLANG_WARN__DUPLICATE_METHOD_MATCH = YES;
				"CODE_SIGN_IDENTITY[sdk=iphoneos*]" = "iPhone Developer";
				COPY_PHASE_STRIP = NO;
				DEBUG_INFORMATION_FORMAT = dwarf;
				ENABLE_STRICT_OBJC_MSGSEND = YES;
				ENABLE_TESTABILITY = YES;
				GCC_C_LANGUAGE_STANDARD = gnu99;
				GCC_DYNAMIC_NO_PIC = NO;
				GCC_NO_COMMON_BLOCKS = YES;
				GCC_OPTIMIZATION_LEVEL = 0;
				GCC_PREPROCESSOR_DEFINITIONS = (
					"DEBUG=1",
					"$(inherited)",
				);
				GCC_WARN_64_TO_32_BIT_CONVERSION = YES;
				GCC_WARN_ABOUT_RETURN_TYPE = YES_ERROR;
				GCC_WARN_UNDECLARED_SELECTOR = YES;
				GCC_WARN_UNINITIALIZED_AUTOS = YES_AGGRESSIVE;
				GCC_WARN_UNUSED_FUNCTION = YES;
				GCC_WARN_UNUSED_VARIABLE = YES;
				IPHONEOS_DEPLOYMENT_TARGET = 10.3;
				MTL_ENABLE_DEBUG_INFO = YES;
				ONLY_ACTIVE_ARCH = YES;
				SDKROOT = iphoneos;
				SWIFT_ACTIVE_COMPILATION_CONDITIONS = DEBUG;
				SWIFT_OPTIMIZATION_LEVEL = "-Onone";
				TARGETED_DEVICE_FAMILY = "1,2";
			};
			name = Debug;
		};
		0836E9091EF9B0F30040AE86 /* Release */ = {
			isa = XCBuildConfiguration;
			buildSettings = {
				ALWAYS_SEARCH_USER_PATHS = NO;
				CLANG_ANALYZER_NONNULL = YES;
				CLANG_ANALYZER_NUMBER_OBJECT_CONVERSION = YES_AGGRESSIVE;
				CLANG_CXX_LANGUAGE_STANDARD = "gnu++0x";
				CLANG_CXX_LIBRARY = "libc++";
				CLANG_ENABLE_MODULES = YES;
				CLANG_ENABLE_OBJC_ARC = YES;
				CLANG_WARN_BOOL_CONVERSION = YES;
				CLANG_WARN_CONSTANT_CONVERSION = YES;
				CLANG_WARN_DIRECT_OBJC_ISA_USAGE = YES_ERROR;
				CLANG_WARN_DOCUMENTATION_COMMENTS = YES;
				CLANG_WARN_EMPTY_BODY = YES;
				CLANG_WARN_ENUM_CONVERSION = YES;
				CLANG_WARN_INFINITE_RECURSION = YES;
				CLANG_WARN_INT_CONVERSION = YES;
				CLANG_WARN_OBJC_ROOT_CLASS = YES_ERROR;
				CLANG_WARN_SUSPICIOUS_MOVE = YES;
				CLANG_WARN_UNREACHABLE_CODE = YES;
				CLANG_WARN__DUPLICATE_METHOD_MATCH = YES;
				"CODE_SIGN_IDENTITY[sdk=iphoneos*]" = "iPhone Developer";
				COPY_PHASE_STRIP = NO;
				DEBUG_INFORMATION_FORMAT = "dwarf-with-dsym";
				ENABLE_NS_ASSERTIONS = NO;
				ENABLE_STRICT_OBJC_MSGSEND = YES;
				GCC_C_LANGUAGE_STANDARD = gnu99;
				GCC_NO_COMMON_BLOCKS = YES;
				GCC_WARN_64_TO_32_BIT_CONVERSION = YES;
				GCC_WARN_ABOUT_RETURN_TYPE = YES_ERROR;
				GCC_WARN_UNDECLARED_SELECTOR = YES;
				GCC_WARN_UNINITIALIZED_AUTOS = YES_AGGRESSIVE;
				GCC_WARN_UNUSED_FUNCTION = YES;
				GCC_WARN_UNUSED_VARIABLE = YES;
				IPHONEOS_DEPLOYMENT_TARGET = 10.3;
				MTL_ENABLE_DEBUG_INFO = NO;
				SDKROOT = iphoneos;
				SWIFT_OPTIMIZATION_LEVEL = "-Owholemodule";
				TARGETED_DEVICE_FAMILY = "1,2";
				VALIDATE_PRODUCT = YES;
			};
			name = Release;
		};
		0836E90B1EF9B0F30040AE86 /* Debug */ = {
			isa = XCBuildConfiguration;
			buildSettings = {
				ASSETCATALOG_COMPILER_APPICON_NAME = AppIcon;
				INFOPLIST_FILE = TouristHunter/Info.plist;
				LD_RUNPATH_SEARCH_PATHS = "$(inherited) @executable_path/Frameworks";
				PRODUCT_BUNDLE_IDENTIFIER = k0de.TouristHunter;
				PRODUCT_NAME = "$(TARGET_NAME)";
				SWIFT_VERSION = 3.0;
			};
			name = Debug;
		};
		0836E90C1EF9B0F30040AE86 /* Release */ = {
			isa = XCBuildConfiguration;
			buildSettings = {
				ASSETCATALOG_COMPILER_APPICON_NAME = AppIcon;
				INFOPLIST_FILE = TouristHunter/Info.plist;
				LD_RUNPATH_SEARCH_PATHS = "$(inherited) @executable_path/Frameworks";
				PRODUCT_BUNDLE_IDENTIFIER = k0de.TouristHunter;
				PRODUCT_NAME = "$(TARGET_NAME)";
				SWIFT_VERSION = 3.0;
			};
			name = Release;
		};
		0836E90E1EF9B0F30040AE86 /* Debug */ = {
			isa = XCBuildConfiguration;
			buildSettings = {
				ALWAYS_EMBED_SWIFT_STANDARD_LIBRARIES = YES;
				BUNDLE_LOADER = "$(TEST_HOST)";
				INFOPLIST_FILE = TouristHunterTests/Info.plist;
				LD_RUNPATH_SEARCH_PATHS = "$(inherited) @executable_path/Frameworks @loader_path/Frameworks";
				PRODUCT_BUNDLE_IDENTIFIER = k0de.TouristHunterTests;
				PRODUCT_NAME = "$(TARGET_NAME)";
				SWIFT_VERSION = 3.0;
				TEST_HOST = "$(BUILT_PRODUCTS_DIR)/TouristHunter.app/TouristHunter";
			};
			name = Debug;
		};
		0836E90F1EF9B0F30040AE86 /* Release */ = {
			isa = XCBuildConfiguration;
			buildSettings = {
				ALWAYS_EMBED_SWIFT_STANDARD_LIBRARIES = YES;
				BUNDLE_LOADER = "$(TEST_HOST)";
				INFOPLIST_FILE = TouristHunterTests/Info.plist;
				LD_RUNPATH_SEARCH_PATHS = "$(inherited) @executable_path/Frameworks @loader_path/Frameworks";
				PRODUCT_BUNDLE_IDENTIFIER = k0de.TouristHunterTests;
				PRODUCT_NAME = "$(TARGET_NAME)";
				SWIFT_VERSION = 3.0;
				TEST_HOST = "$(BUILT_PRODUCTS_DIR)/TouristHunter.app/TouristHunter";
			};
			name = Release;
		};
		0836E9111EF9B0F30040AE86 /* Debug */ = {
			isa = XCBuildConfiguration;
			buildSettings = {
				ALWAYS_EMBED_SWIFT_STANDARD_LIBRARIES = YES;
				INFOPLIST_FILE = TouristHunterUITests/Info.plist;
				LD_RUNPATH_SEARCH_PATHS = "$(inherited) @executable_path/Frameworks @loader_path/Frameworks";
				PRODUCT_BUNDLE_IDENTIFIER = k0de.TouristHunterUITests;
				PRODUCT_NAME = "$(TARGET_NAME)";
				SWIFT_VERSION = 3.0;
				TEST_TARGET_NAME = TouristHunter;
			};
			name = Debug;
		};
		0836E9121EF9B0F30040AE86 /* Release */ = {
			isa = XCBuildConfiguration;
			buildSettings = {
				ALWAYS_EMBED_SWIFT_STANDARD_LIBRARIES = YES;
				INFOPLIST_FILE = TouristHunterUITests/Info.plist;
				LD_RUNPATH_SEARCH_PATHS = "$(inherited) @executable_path/Frameworks @loader_path/Frameworks";
				PRODUCT_BUNDLE_IDENTIFIER = k0de.TouristHunterUITests;
				PRODUCT_NAME = "$(TARGET_NAME)";
				SWIFT_VERSION = 3.0;
				TEST_TARGET_NAME = TouristHunter;
			};
			name = Release;
		};
/* End XCBuildConfiguration section */

/* Begin XCConfigurationList section */
		0836E8DB1EF9B0F30040AE86 /* Build configuration list for PBXProject "TouristHunter" */ = {
			isa = XCConfigurationList;
			buildConfigurations = (
				0836E9081EF9B0F30040AE86 /* Debug */,
				0836E9091EF9B0F30040AE86 /* Release */,
			);
			defaultConfigurationIsVisible = 0;
			defaultConfigurationName = Release;
		};
		0836E90A1EF9B0F30040AE86 /* Build configuration list for PBXNativeTarget "TouristHunter" */ = {
			isa = XCConfigurationList;
			buildConfigurations = (
				0836E90B1EF9B0F30040AE86 /* Debug */,
				0836E90C1EF9B0F30040AE86 /* Release */,
			);
			defaultConfigurationIsVisible = 0;
		};
		0836E90D1EF9B0F30040AE86 /* Build configuration list for PBXNativeTarget "TouristHunterTests" */ = {
			isa = XCConfigurationList;
			buildConfigurations = (
				0836E90E1EF9B0F30040AE86 /* Debug */,
				0836E90F1EF9B0F30040AE86 /* Release */,
			);
			defaultConfigurationIsVisible = 0;
		};
		0836E9101EF9B0F30040AE86 /* Build configuration list for PBXNativeTarget "TouristHunterUITests" */ = {
			isa = XCConfigurationList;
			buildConfigurations = (
				0836E9111EF9B0F30040AE86 /* Debug */,
				0836E9121EF9B0F30040AE86 /* Release */,
			);
			defaultConfigurationIsVisible = 0;
		};
/* End XCConfigurationList section */
	};
	rootObject = 0836E8D81EF9B0F30040AE86 /* Project object */;
}
